<?xml version="1.0" encoding="utf-8"?>
<Project ToolsVersion="4.0" xmlns="http://schemas.microsoft.com/developer/msbuild/2003">
  <ItemGroup>
    <Filter Include="资源文件">
      <UniqueIdentifier>{67DA6AB6-F800-4c08-8B7A-83BB121AAD01}</UniqueIdentifier>
      <Extensions>rc;ico;cur;bmp;dlg;rc2;rct;bin;rgs;gif;jpg;jpeg;jpe;resx;tiff;tif;png;wav;mfcribbon-ms</Extensions>
    </Filter>
    <Filter Include="httpServer">
      <UniqueIdentifier>{bd273097-01fa-4b52-8c06-97ec49d295a2}</UniqueIdentifier>
    </Filter>
    <Filter Include="util">
      <UniqueIdentifier>{49655a24-6467-4d77-8175-14fd6ef226d7}</UniqueIdentifier>
    </Filter>
    <Filter Include="util\http-parser">
      <UniqueIdentifier>{9efcbe8e-6748-4401-ad51-0c95dcafd8be}</UniqueIdentifier>
    </Filter>
    <Filter Include="transers">
      <UniqueIdentifier>{46449cf6-4ea5-4660-8862-fb4f4ce8f323}</UniqueIdentifier>
    </Filter>
    <Filter Include="util\objectFactory">
      <UniqueIdentifier>{34a5fb3a-cae1-4f8a-a549-abc44132afbd}</UniqueIdentifier>
    </Filter>
    <Filter Include="filter">
      <UniqueIdentifier>{3b602946-0eb2-48cc-99cc-d8d2ad1a9bc4}</UniqueIdentifier>
    </Filter>
  </ItemGroup>
  <ItemGroup>
    <Text Include="ReadMe.txt" />
  </ItemGroup>
  <ItemGroup>
    <ClInclude Include="Server.hpp">
      <Filter>httpServer</Filter>
    </ClInclude>
    <ClInclude Include="..\submodules\http-parser\http_parser.h">
      <Filter>util\http-parser</Filter>
    </ClInclude>
    <ClInclude Include="Response.hpp">
      <Filter>httpServer</Filter>
    </ClInclude>
    <ClInclude Include="header.hpp" />
    <ClInclude Include="Request.hpp">
      <Filter>httpServer</Filter>
    </ClInclude>
    <ClInclude Include="mime_types.hpp">
      <Filter>httpServer</Filter>
    </ClInclude>
    <ClInclude Include="SocketIo.hpp">
      <Filter>httpServer</Filter>
    </ClInclude>
    <ClInclude Include="uuid_t.hpp">
      <Filter>util</Filter>
    </ClInclude>
    <ClInclude Include="Setting.hpp" />
    <ClInclude Include="Connection.h">
      <Filter>httpServer</Filter>
    </ClInclude>
    <ClInclude Include="ObjectFactory.h">
      <Filter>util\objectFactory</Filter>
    </ClInclude>
    <ClInclude Include="TranserBase.h">
      <Filter>transers</Filter>
    </ClInclude>
    <ClInclude Include="WebsocketTranser.h">
      <Filter>transers</Filter>
    </ClInclude>
    <ClInclude Include="engineIo.hpp" />
    <ClInclude Include="util.hpp" />
  </ItemGroup>
  <ItemGroup>
    <ClCompile Include="Server.cpp">
      <Filter>httpServer</Filter>
    </ClCompile>
    <ClCompile Include="..\submodules\http-parser\http_parser.c">
      <Filter>util\http-parser</Filter>
    </ClCompile>
    <ClCompile Include="Response.cpp">
      <Filter>httpServer</Filter>
    </ClCompile>
    <ClCompile Include="Request.cpp">
      <Filter>httpServer</Filter>
    </ClCompile>
    <ClCompile Include="mime_types.cpp">
      <Filter>httpServer</Filter>
    </ClCompile>
    <ClCompile Include="SocketIOServer.cpp" />
    <ClCompile Include="header.cpp" />
    <ClCompile Include="SocketIo.cpp">
      <Filter>httpServer</Filter>
    </ClCompile>
    <ClCompile Include="uuid_t.cpp">
      <Filter>util</Filter>
    </ClCompile>
    <ClCompile Include="Setting.cpp" />
    <ClCompile Include="Connection.cpp">
      <Filter>httpServer</Filter>
    </ClCompile>
    <ClCompile Include="TranserBase.cpp">
      <Filter>transers</Filter>
    </ClCompile>
    <ClCompile Include="WebsocketTranser.cpp">
      <Filter>transers</Filter>
    </ClCompile>
    <ClCompile Include="engineIo.cpp" />
    <ClCompile Include="util.cpp" />
  </ItemGroup>
</Project>